
Microsoft Visual Studio Solution File, Format Version 12.00
Project("{2150E333-8FDC-42A3-9474-1A3956D46DE8}") = "Api", "Api", "{5AEA96E2-127A-45C5-9075-10CFAF879260}"
EndProject
Project("{FAE04EC0-301F-11D3-BF4B-00C04F79EFBC}") = "Thankify.Api", "Thankify.Api\Thankify.Api.csproj", "{9B037E41-2CC7-493E-BE5E-B815AA43DEBE}"
EndProject
Project("{2150E333-8FDC-42A3-9474-1A3956D46DE8}") = "Core", "Core", "{374DF343-0F41-4B9F-A14A-E1F7876749B2}"
EndProject
Project("{FAE04EC0-301F-11D3-BF4B-00C04F79EFBC}") = "Thankify.Core.Entity", "Thankify.Core.Entity\Thankify.Core.Entity.csproj", "{B86037C7-053F-40F8-9060-0DBEC18CF3C3}"
EndProject
Project("{FAE04EC0-301F-11D3-BF4B-00C04F79EFBC}") = "Thankify.Core.Domain", "Thankify.Core.Domain\Thankify.Core.Domain.csproj", "{88F1ABF1-306D-4876-8A4D-2C6A5EB1EE33}"
EndProject
Project("{2150E333-8FDC-42A3-9474-1A3956D46DE8}") = "Persistence", "Persistence", "{871328EA-1216-4728-97DD-4B4D13F2BEA8}"
EndProject
Project("{FAE04EC0-301F-11D3-BF4B-00C04F79EFBC}") = "Thankify.Persistence", "Thankify.Persistence\Thankify.Persistence.csproj", "{5DEC0143-92F0-48A1-8E2C-D592493CE519}"
EndProject
Project("{2150E333-8FDC-42A3-9474-1A3956D46DE8}") = "Common", "Common", "{5A8ABEF4-CC10-4102-815C-73086E016BFF}"
EndProject
Project("{FAE04EC0-301F-11D3-BF4B-00C04F79EFBC}") = "Thankify.Common", "Thankify.Common\Thankify.Common.csproj", "{11588941-6DE1-4D8B-8D17-E8A5470998E9}"
EndProject
Project("{FAE04EC0-301F-11D3-BF4B-00C04F79EFBC}") = "Thankify.Persistence.Migrations", "Thankify.Persistence.Migrations\Thankify.Persistence.Migrations.csproj", "{33465FF3-76C7-4747-8921-5CA3E9426851}"
EndProject
Project("{2150E333-8FDC-42A3-9474-1A3956D46DE8}") = "Infrastructure", "Infrastructure", "{CF754E68-9BCA-4857-9F84-BAAD62A37EAB}"
EndProject
Project("{FAE04EC0-301F-11D3-BF4B-00C04F79EFBC}") = "Thankify.Infrastructure.Contract", "Thankify.Infrastructure.Contract\Thankify.Infrastructure.Contract.csproj", "{EB7C4E02-E2CA-461E-80DB-2D21CCFA8A4A}"
EndProject
Project("{FAE04EC0-301F-11D3-BF4B-00C04F79EFBC}") = "Thankify.Infrastructure.Implementation", "Thankify.Infrastructure.Implementation\Thankify.Infrastructure.Implementation.csproj", "{1C0AC321-391A-417D-9B9F-4F73734B28B1}"
EndProject
Project("{2150E333-8FDC-42A3-9474-1A3956D46DE8}") = ".docker", ".docker", "{2FE1EF0D-0C87-484A-93EE-300FD150029E}"
ProjectSection(SolutionItems) = preProject
	Dockerfile = Dockerfile
	.dockerignore = .dockerignore
EndProjectSection
EndProject
Global
	GlobalSection(SolutionConfigurationPlatforms) = preSolution
		Debug|Any CPU = Debug|Any CPU
		Release|Any CPU = Release|Any CPU
	EndGlobalSection
	GlobalSection(NestedProjects) = preSolution
		{9B037E41-2CC7-493E-BE5E-B815AA43DEBE} = {5AEA96E2-127A-45C5-9075-10CFAF879260}
		{B86037C7-053F-40F8-9060-0DBEC18CF3C3} = {374DF343-0F41-4B9F-A14A-E1F7876749B2}
		{88F1ABF1-306D-4876-8A4D-2C6A5EB1EE33} = {374DF343-0F41-4B9F-A14A-E1F7876749B2}
		{5DEC0143-92F0-48A1-8E2C-D592493CE519} = {871328EA-1216-4728-97DD-4B4D13F2BEA8}
		{11588941-6DE1-4D8B-8D17-E8A5470998E9} = {5A8ABEF4-CC10-4102-815C-73086E016BFF}
		{33465FF3-76C7-4747-8921-5CA3E9426851} = {871328EA-1216-4728-97DD-4B4D13F2BEA8}
		{EB7C4E02-E2CA-461E-80DB-2D21CCFA8A4A} = {CF754E68-9BCA-4857-9F84-BAAD62A37EAB}
		{1C0AC321-391A-417D-9B9F-4F73734B28B1} = {CF754E68-9BCA-4857-9F84-BAAD62A37EAB}
	EndGlobalSection
	GlobalSection(ProjectConfigurationPlatforms) = postSolution
		{9B037E41-2CC7-493E-BE5E-B815AA43DEBE}.Debug|Any CPU.ActiveCfg = Debug|Any CPU
		{9B037E41-2CC7-493E-BE5E-B815AA43DEBE}.Debug|Any CPU.Build.0 = Debug|Any CPU
		{9B037E41-2CC7-493E-BE5E-B815AA43DEBE}.Release|Any CPU.ActiveCfg = Release|Any CPU
		{9B037E41-2CC7-493E-BE5E-B815AA43DEBE}.Release|Any CPU.Build.0 = Release|Any CPU
		{B86037C7-053F-40F8-9060-0DBEC18CF3C3}.Debug|Any CPU.ActiveCfg = Debug|Any CPU
		{B86037C7-053F-40F8-9060-0DBEC18CF3C3}.Debug|Any CPU.Build.0 = Debug|Any CPU
		{B86037C7-053F-40F8-9060-0DBEC18CF3C3}.Release|Any CPU.ActiveCfg = Release|Any CPU
		{B86037C7-053F-40F8-9060-0DBEC18CF3C3}.Release|Any CPU.Build.0 = Release|Any CPU
		{88F1ABF1-306D-4876-8A4D-2C6A5EB1EE33}.Debug|Any CPU.ActiveCfg = Debug|Any CPU
		{88F1ABF1-306D-4876-8A4D-2C6A5EB1EE33}.Debug|Any CPU.Build.0 = Debug|Any CPU
		{88F1ABF1-306D-4876-8A4D-2C6A5EB1EE33}.Release|Any CPU.ActiveCfg = Release|Any CPU
		{88F1ABF1-306D-4876-8A4D-2C6A5EB1EE33}.Release|Any CPU.Build.0 = Release|Any CPU
		{5DEC0143-92F0-48A1-8E2C-D592493CE519}.Debug|Any CPU.ActiveCfg = Debug|Any CPU
		{5DEC0143-92F0-48A1-8E2C-D592493CE519}.Debug|Any CPU.Build.0 = Debug|Any CPU
		{5DEC0143-92F0-48A1-8E2C-D592493CE519}.Release|Any CPU.ActiveCfg = Release|Any CPU
		{5DEC0143-92F0-48A1-8E2C-D592493CE519}.Release|Any CPU.Build.0 = Release|Any CPU
		{11588941-6DE1-4D8B-8D17-E8A5470998E9}.Debug|Any CPU.ActiveCfg = Debug|Any CPU
		{11588941-6DE1-4D8B-8D17-E8A5470998E9}.Debug|Any CPU.Build.0 = Debug|Any CPU
		{11588941-6DE1-4D8B-8D17-E8A5470998E9}.Release|Any CPU.ActiveCfg = Release|Any CPU
		{11588941-6DE1-4D8B-8D17-E8A5470998E9}.Release|Any CPU.Build.0 = Release|Any CPU
		{33465FF3-76C7-4747-8921-5CA3E9426851}.Debug|Any CPU.ActiveCfg = Debug|Any CPU
		{33465FF3-76C7-4747-8921-5CA3E9426851}.Debug|Any CPU.Build.0 = Debug|Any CPU
		{33465FF3-76C7-4747-8921-5CA3E9426851}.Release|Any CPU.ActiveCfg = Release|Any CPU
		{33465FF3-76C7-4747-8921-5CA3E9426851}.Release|Any CPU.Build.0 = Release|Any CPU
		{EB7C4E02-E2CA-461E-80DB-2D21CCFA8A4A}.Debug|Any CPU.ActiveCfg = Debug|Any CPU
		{EB7C4E02-E2CA-461E-80DB-2D21CCFA8A4A}.Debug|Any CPU.Build.0 = Debug|Any CPU
		{EB7C4E02-E2CA-461E-80DB-2D21CCFA8A4A}.Release|Any CPU.ActiveCfg = Release|Any CPU
		{EB7C4E02-E2CA-461E-80DB-2D21CCFA8A4A}.Release|Any CPU.Build.0 = Release|Any CPU
		{1C0AC321-391A-417D-9B9F-4F73734B28B1}.Debug|Any CPU.ActiveCfg = Debug|Any CPU
		{1C0AC321-391A-417D-9B9F-4F73734B28B1}.Debug|Any CPU.Build.0 = Debug|Any CPU
		{1C0AC321-391A-417D-9B9F-4F73734B28B1}.Release|Any CPU.ActiveCfg = Release|Any CPU
		{1C0AC321-391A-417D-9B9F-4F73734B28B1}.Release|Any CPU.Build.0 = Release|Any CPU
	EndGlobalSection
EndGlobal
